{
  "originHash" : "79dce5428caa1405ac606b31abf83743efd0ac04437577c389c94171977200ce",
  "pins" : [
    {
      "identity" : "ios-places-sdk",
      "kind" : "remoteSourceControl",
      "location" : "https://github.com/googlemaps/ios-places-sdk",
      "state" : {
        "revision" : "296f104225a96e9ac3f56a647e2a4d7c40b5284e",
        "version" : "10.8.0"
      }
    }
  ],
  "version" : 3
}
