{
  "originHash" : "e267d8311d4b292b3fb8f87dd4b7cc4365e784ab9a1c438f9d92a73e41c842ff",
  "pins" : [
    {
      "identity" : "ios-maps-sdk",
      "kind" : "remoteSourceControl",
      "location" : "https://github.com/googlemaps/ios-maps-sdk",
      "state" : {
        "revision" : "f821a2ef5a3ffa7c704e6c98153da2592ba3049c",
        "version" : "10.8.0"
      }
    },
    {
      "identity" : "ios-places-sdk",
      "kind" : "remoteSourceControl",
      "location" : "https://github.com/googlemaps/ios-places-sdk",
      "state" : {
        "revision" : "296f104225a96e9ac3f56a647e2a4d7c40b5284e",
        "version" : "10.8.0"
      }
    },
    {
      "identity" : "kingfisher",
      "kind" : "remoteSourceControl",
      "location" : "https://github.com/onevcat/Kingfisher",
      "state" : {
        "revision" : "e227df15448d2ad1a5d4e4c49722a71c68f9058a",
        "version" : "8.7.0"
      }
    }
  ],
  "version" : 3
}
