{
  "originHash" : "38b85f41194e321e86a4aa73c3ba3fee81a75bf81f1737d0edd61e9af858b020",
  "pins" : [
    {
      "identity" : "ios-maps-sdk",
      "kind" : "remoteSourceControl",
      "location" : "https://github.com/googlemaps/ios-maps-sdk",
      "state" : {
        "revision" : "f821a2ef5a3ffa7c704e6c98153da2592ba3049c",
        "version" : "10.8.0"
      }
    },
    {
      "identity" : "ios-places-sdk",
      "kind" : "remoteSourceControl",
      "location" : "https://github.com/googlemaps/ios-places-sdk",
      "state" : {
        "revision" : "296f104225a96e9ac3f56a647e2a4d7c40b5284e",
        "version" : "10.8.0"
      }
    }
  ],
  "version" : 3
}
